
Microsoft Visual Studio Solution File, Format Version 12.00
# Visual Studio Version 17
VisualStudioVersion = 17.3.32901.215
MinimumVisualStudioVersion = 10.0.40219.1
Project("{8BC9CEB8-8B4A-11D0-8D11-00A0C91BC942}") = "lbdll", "lbdll\lbdll.vcxproj", "{86C00503-153F-4149-9B7D-833F3C451697}"
EndProject
Project("{8BC9CEB8-8B4A-11D0-8D11-00A0C91BC942}") = "lbdll-test", "lbdll-test\lbdll-test.vcxproj", "{C70A9EAC-1FA5-4E71-9B2A-84A87E16D86D}"
EndProject
Project("{8BC9CEB8-8B4A-11D0-8D11-00A0C91BC942}") = "lbregistry", "lbregistry\lbregistry.vcxproj", "{C91C649A-B4FF-4E58-A5FD-02F615714A46}"
EndProject
Project("{8BC9CEB8-8B4A-11D0-8D11-00A0C91BC942}") = "app1", "app1\app1.vcxproj", "{8C432FE2-C3D3-46DB-A51C-833BC0A7792D}"
EndProject
Project("{8BC9CEB8-8B4A-11D0-8D11-00A0C91BC942}") = "stb_image_lib", "stb_image_lib\stb_image_lib.vcxproj", "{10762AAC-2FEB-4D36-A246-A1E6A779F9AC}"
EndProject
Global
	GlobalSection(SolutionConfigurationPlatforms) = preSolution
		Debug|x64 = Debug|x64
		Debug|x86 = Debug|x86
		Release|x64 = Release|x64
		Release|x86 = Release|x86
	EndGlobalSection
	GlobalSection(ProjectConfigurationPlatforms) = postSolution
		{86C00503-153F-4149-9B7D-833F3C451697}.Debug|x64.ActiveCfg = Debug|x64
		{86C00503-153F-4149-9B7D-833F3C451697}.Debug|x64.Build.0 = Debug|x64
		{86C00503-153F-4149-9B7D-833F3C451697}.Debug|x86.ActiveCfg = Debug|Win32
		{86C00503-153F-4149-9B7D-833F3C451697}.Debug|x86.Build.0 = Debug|Win32
		{86C00503-153F-4149-9B7D-833F3C451697}.Release|x64.ActiveCfg = Release|x64
		{86C00503-153F-4149-9B7D-833F3C451697}.Release|x64.Build.0 = Release|x64
		{86C00503-153F-4149-9B7D-833F3C451697}.Release|x86.ActiveCfg = Release|Win32
		{86C00503-153F-4149-9B7D-833F3C451697}.Release|x86.Build.0 = Release|Win32
		{C70A9EAC-1FA5-4E71-9B2A-84A87E16D86D}.Debug|x64.ActiveCfg = Debug|x64
		{C70A9EAC-1FA5-4E71-9B2A-84A87E16D86D}.Debug|x64.Build.0 = Debug|x64
		{C70A9EAC-1FA5-4E71-9B2A-84A87E16D86D}.Debug|x86.ActiveCfg = Debug|Win32
		{C70A9EAC-1FA5-4E71-9B2A-84A87E16D86D}.Debug|x86.Build.0 = Debug|Win32
		{C70A9EAC-1FA5-4E71-9B2A-84A87E16D86D}.Release|x64.ActiveCfg = Release|x64
		{C70A9EAC-1FA5-4E71-9B2A-84A87E16D86D}.Release|x64.Build.0 = Release|x64
		{C70A9EAC-1FA5-4E71-9B2A-84A87E16D86D}.Release|x86.ActiveCfg = Release|Win32
		{C70A9EAC-1FA5-4E71-9B2A-84A87E16D86D}.Release|x86.Build.0 = Release|Win32
		{C91C649A-B4FF-4E58-A5FD-02F615714A46}.Debug|x64.ActiveCfg = Debug|x64
		{C91C649A-B4FF-4E58-A5FD-02F615714A46}.Debug|x64.Build.0 = Debug|x64
		{C91C649A-B4FF-4E58-A5FD-02F615714A46}.Debug|x86.ActiveCfg = Debug|Win32
		{C91C649A-B4FF-4E58-A5FD-02F615714A46}.Debug|x86.Build.0 = Debug|Win32
		{C91C649A-B4FF-4E58-A5FD-02F615714A46}.Release|x64.ActiveCfg = Release|x64
		{C91C649A-B4FF-4E58-A5FD-02F615714A46}.Release|x64.Build.0 = Release|x64
		{C91C649A-B4FF-4E58-A5FD-02F615714A46}.Release|x86.ActiveCfg = Release|Win32
		{C91C649A-B4FF-4E58-A5FD-02F615714A46}.Release|x86.Build.0 = Release|Win32
		{8C432FE2-C3D3-46DB-A51C-833BC0A7792D}.Debug|x64.ActiveCfg = Debug|x64
		{8C432FE2-C3D3-46DB-A51C-833BC0A7792D}.Debug|x64.Build.0 = Debug|x64
		{8C432FE2-C3D3-46DB-A51C-833BC0A7792D}.Debug|x86.ActiveCfg = Debug|Win32
		{8C432FE2-C3D3-46DB-A51C-833BC0A7792D}.Debug|x86.Build.0 = Debug|Win32
		{8C432FE2-C3D3-46DB-A51C-833BC0A7792D}.Release|x64.ActiveCfg = Release|x64
		{8C432FE2-C3D3-46DB-A51C-833BC0A7792D}.Release|x64.Build.0 = Release|x64
		{8C432FE2-C3D3-46DB-A51C-833BC0A7792D}.Release|x86.ActiveCfg = Release|Win32
		{8C432FE2-C3D3-46DB-A51C-833BC0A7792D}.Release|x86.Build.0 = Release|Win32
		{10762AAC-2FEB-4D36-A246-A1E6A779F9AC}.Debug|x64.ActiveCfg = Debug|x64
		{10762AAC-2FEB-4D36-A246-A1E6A779F9AC}.Debug|x64.Build.0 = Debug|x64
		{10762AAC-2FEB-4D36-A246-A1E6A779F9AC}.Debug|x86.ActiveCfg = Debug|Win32
		{10762AAC-2FEB-4D36-A246-A1E6A779F9AC}.Debug|x86.Build.0 = Debug|Win32
		{10762AAC-2FEB-4D36-A246-A1E6A779F9AC}.Release|x64.ActiveCfg = Release|x64
		{10762AAC-2FEB-4D36-A246-A1E6A779F9AC}.Release|x64.Build.0 = Release|x64
		{10762AAC-2FEB-4D36-A246-A1E6A779F9AC}.Release|x86.ActiveCfg = Release|Win32
		{10762AAC-2FEB-4D36-A246-A1E6A779F9AC}.Release|x86.Build.0 = Release|Win32
	EndGlobalSection
	GlobalSection(SolutionProperties) = preSolution
		HideSolutionNode = FALSE
	EndGlobalSection
	GlobalSection(ExtensibilityGlobals) = postSolution
		SolutionGuid = {1271BD14-D5B0-4062-B656-224D59DC03CB}
	EndGlobalSection
EndGlobal
